// !$*UTF8*$!
{
	archiveVersion = 1;
	classes = {
	};
	objectVersion = 51;
	objects = {

/* Begin PBXBuildFile section */
		333ADB0425924CCA000A5395 /* MemoCreateViewController.swift in Sources */ = {isa = PBXBuildFile; fileRef = 333ADB0325924CCA000A5395 /* MemoCreateViewController.swift */; };
		333ADB082592502B000A5395 /* CustomUITextField.swift in Sources */ = {isa = PBXBuildFile; fileRef = 333ADB072592502B000A5395 /* CustomUITextField.swift */; };
		333ADB2125926DF4000A5395 /* Memo.swift in Sources */ = {isa = PBXBuildFile; fileRef = 333ADB2025926DF4000A5395 /* Memo.swift */; };
		8F63DD527CAA350D9208E3F9 /* Pods_CollectionApp.framework in Frameworks */ = {isa = PBXBuildFile; fileRef = 51B4813F2A307444CA84057F /* Pods_CollectionApp.framework */; };
		ECEA39952586378B004C639A /* AppDelegate.swift in Sources */ = {isa = PBXBuildFile; fileRef = ECEA39942586378B004C639A /* AppDelegate.swift */; };
		ECEA39972586378B004C639A /* SceneDelegate.swift in Sources */ = {isa = PBXBuildFile; fileRef = ECEA39962586378B004C639A /* SceneDelegate.swift */; };
		ECEA399C2586378B004C639A /* Main.storyboard in Resources */ = {isa = PBXBuildFile; fileRef = ECEA399A2586378B004C639A /* Main.storyboard */; };
		ECEA399E25863792004C639A /* Assets.xcassets in Resources */ = {isa = PBXBuildFile; fileRef = ECEA399D25863792004C639A /* Assets.xcassets */; };
		ECEA39A125863792004C639A /* LaunchScreen.storyboard in Resources */ = {isa = PBXBuildFile; fileRef = ECEA399F25863792004C639A /* LaunchScreen.storyboard */; };
		ECEA39AC25863E90004C639A /* CollectionViewController.swift in Sources */ = {isa = PBXBuildFile; fileRef = ECEA39AB25863E90004C639A /* CollectionViewController.swift */; };
		ECEA39AE258651E7004C639A /* CollectionViewCell.swift in Sources */ = {isa = PBXBuildFile; fileRef = ECEA39AD258651E7004C639A /* CollectionViewCell.swift */; };
/* End PBXBuildFile section */

/* Begin PBXFileReference section */
		333ADB0325924CCA000A5395 /* MemoCreateViewController.swift */ = {isa = PBXFileReference; lastKnownFileType = sourcecode.swift; name = MemoCreateViewController.swift; path = ../View/MemoCreateViewController.swift; sourceTree = "<group>"; };
		333ADB072592502B000A5395 /* CustomUITextField.swift */ = {isa = PBXFileReference; lastKnownFileType = sourcecode.swift; path = CustomUITextField.swift; sourceTree = "<group>"; };
		333ADB2025926DF4000A5395 /* Memo.swift */ = {isa = PBXFileReference; lastKnownFileType = sourcecode.swift; path = Memo.swift; sourceTree = "<group>"; };
		51B4813F2A307444CA84057F /* Pods_CollectionApp.framework */ = {isa = PBXFileReference; explicitFileType = wrapper.framework; includeInIndex = 0; path = Pods_CollectionApp.framework; sourceTree = BUILT_PRODUCTS_DIR; };
		8EDAF9A0A38BB559D8F9B4A0 /* Pods-CollectionApp.release.xcconfig */ = {isa = PBXFileReference; includeInIndex = 1; lastKnownFileType = text.xcconfig; name = "Pods-CollectionApp.release.xcconfig"; path = "Target Support Files/Pods-CollectionApp/Pods-CollectionApp.release.xcconfig"; sourceTree = "<group>"; };
		8F5D6E3429EA0CAC6327B673 /* Pods-CollectionApp.debug.xcconfig */ = {isa = PBXFileReference; includeInIndex = 1; lastKnownFileType = text.xcconfig; name = "Pods-CollectionApp.debug.xcconfig"; path = "Target Support Files/Pods-CollectionApp/Pods-CollectionApp.debug.xcconfig"; sourceTree = "<group>"; };
		ECEA39912586378B004C639A /* CollectionApp.app */ = {isa = PBXFileReference; explicitFileType = wrapper.application; includeInIndex = 0; path = CollectionApp.app; sourceTree = BUILT_PRODUCTS_DIR; };
		ECEA39942586378B004C639A /* AppDelegate.swift */ = {isa = PBXFileReference; lastKnownFileType = sourcecode.swift; path = AppDelegate.swift; sourceTree = "<group>"; };
		ECEA39962586378B004C639A /* SceneDelegate.swift */ = {isa = PBXFileReference; lastKnownFileType = sourcecode.swift; path = SceneDelegate.swift; sourceTree = "<group>"; };
		ECEA399B2586378B004C639A /* Base */ = {isa = PBXFileReference; lastKnownFileType = file.storyboard; name = Base; path = Base.lproj/Main.storyboard; sourceTree = "<group>"; };
		ECEA399D25863792004C639A /* Assets.xcassets */ = {isa = PBXFileReference; lastKnownFileType = folder.assetcatalog; path = Assets.xcassets; sourceTree = "<group>"; };
		ECEA39A025863792004C639A /* Base */ = {isa = PBXFileReference; lastKnownFileType = file.storyboard; name = Base; path = Base.lproj/LaunchScreen.storyboard; sourceTree = "<group>"; };
		ECEA39A225863792004C639A /* Info.plist */ = {isa = PBXFileReference; lastKnownFileType = text.plist.xml; path = Info.plist; sourceTree = "<group>"; };
		ECEA39AB25863E90004C639A /* CollectionViewController.swift */ = {isa = PBXFileReference; lastKnownFileType = sourcecode.swift; path = CollectionViewController.swift; sourceTree = "<group>"; };
		ECEA39AD258651E7004C639A /* CollectionViewCell.swift */ = {isa = PBXFileReference; lastKnownFileType = sourcecode.swift; path = CollectionViewCell.swift; sourceTree = "<group>"; };
/* End PBXFileReference section */

/* Begin PBXFrameworksBuildPhase section */
		ECEA398E2586378B004C639A /* Frameworks */ = {
			isa = PBXFrameworksBuildPhase;
			buildActionMask = 2147483647;
			files = (
				8F63DD527CAA350D9208E3F9 /* Pods_CollectionApp.framework in Frameworks */,
			);
			runOnlyForDeploymentPostprocessing = 0;
		};
/* End PBXFrameworksBuildPhase section */

/* Begin PBXGroup section */
		A9C7DA415F587011002E0599 /* Pods */ = {
			isa = PBXGroup;
			children = (
				8F5D6E3429EA0CAC6327B673 /* Pods-CollectionApp.debug.xcconfig */,
				8EDAF9A0A38BB559D8F9B4A0 /* Pods-CollectionApp.release.xcconfig */,
			);
			path = Pods;
			sourceTree = "<group>";
		};
		ECEA39882586378B004C639A = {
			isa = PBXGroup;
			children = (
				ECEA39932586378B004C639A /* CollectionApp */,
				ECEA39922586378B004C639A /* Products */,
				A9C7DA415F587011002E0599 /* Pods */,
				F637B9447B9B58428B82C3EE /* Frameworks */,
			);
			sourceTree = "<group>";
		};
		ECEA39922586378B004C639A /* Products */ = {
			isa = PBXGroup;
			children = (
				ECEA39912586378B004C639A /* CollectionApp.app */,
			);
			name = Products;
			sourceTree = "<group>";
		};
		ECEA39932586378B004C639A /* CollectionApp */ = {
			isa = PBXGroup;
			children = (
				ECEA39942586378B004C639A /* AppDelegate.swift */,
				ECEA39962586378B004C639A /* SceneDelegate.swift */,
				ECEA39A8258637A1004C639A /* Model */,
				ECEA39A9258637A9004C639A /* View */,
				ECEA39AA258637B1004C639A /* Controller */,
				ECEA399A2586378B004C639A /* Main.storyboard */,
				ECEA399F25863792004C639A /* LaunchScreen.storyboard */,
				ECEA39A225863792004C639A /* Info.plist */,
			);
			path = CollectionApp;
			sourceTree = "<group>";
		};
		ECEA39A8258637A1004C639A /* Model */ = {
			isa = PBXGroup;
			children = (
				333ADB2025926DF4000A5395 /* Memo.swift */,
			);
			path = Model;
			sourceTree = "<group>";
		};
		ECEA39A9258637A9004C639A /* View */ = {
			isa = PBXGroup;
			children = (
				ECEA39AD258651E7004C639A /* CollectionViewCell.swift */,
				333ADB072592502B000A5395 /* CustomUITextField.swift */,
				ECEA399D25863792004C639A /* Assets.xcassets */,
			);
			path = View;
			sourceTree = "<group>";
		};
		ECEA39AA258637B1004C639A /* Controller */ = {
			isa = PBXGroup;
			children = (
				ECEA39AB25863E90004C639A /* CollectionViewController.swift */,
				333ADB0325924CCA000A5395 /* MemoCreateViewController.swift */,
			);
			path = Controller;
			sourceTree = "<group>";
		};
		F637B9447B9B58428B82C3EE /* Frameworks */ = {
			isa = PBXGroup;
			children = (
				51B4813F2A307444CA84057F /* Pods_CollectionApp.framework */,
			);
			name = Frameworks;
			sourceTree = "<group>";
		};
/* End PBXGroup section */

/* Begin PBXNativeTarget section */
		ECEA39902586378B004C639A /* CollectionApp */ = {
			isa = PBXNativeTarget;
			buildConfigurationList = ECEA39A525863792004C639A /* Build configuration list for PBXNativeTarget "CollectionApp" */;
			buildPhases = (
				BB2799F3523ABCAC1515C857 /* [CP] Check Pods Manifest.lock */,
				ECEA398D2586378B004C639A /* Sources */,
				ECEA398E2586378B004C639A /* Frameworks */,
				ECEA398F2586378B004C639A /* Resources */,
				A142F0049F65CDBB57747E06 /* [CP] Embed Pods Frameworks */,
			);
			buildRules = (
			);
			dependencies = (
			);
			name = CollectionApp;
			productName = CollectionApp;
			productReference = ECEA39912586378B004C639A /* CollectionApp.app */;
			productType = "com.apple.product-type.application";
		};
/* End PBXNativeTarget section */

/* Begin PBXProject section */
		ECEA39892586378B004C639A /* Project object */ = {
			isa = PBXProject;
			attributes = {
				LastSwiftUpdateCheck = 1150;
				LastUpgradeCheck = 1150;
				ORGANIZATIONNAME = "星舞";
				TargetAttributes = {
					ECEA39902586378B004C639A = {
						CreatedOnToolsVersion = 11.5;
					};
				};
			};
			buildConfigurationList = ECEA398C2586378B004C639A /* Build configuration list for PBXProject "CollectionApp" */;
			compatibilityVersion = "Xcode 9.3";
			developmentRegion = en;
			hasScannedForEncodings = 0;
			knownRegions = (
				en,
				Base,
			);
			mainGroup = ECEA39882586378B004C639A;
			productRefGroup = ECEA39922586378B004C639A /* Products */;
			projectDirPath = "";
			projectRoot = "";
			targets = (
				ECEA39902586378B004C639A /* CollectionApp */,
			);
		};
/* End PBXProject section */

/* Begin PBXResourcesBuildPhase section */
		ECEA398F2586378B004C639A /* Resources */ = {
			isa = PBXResourcesBuildPhase;
			buildActionMask = 2147483647;
			files = (
				ECEA39A125863792004C639A /* LaunchScreen.storyboard in Resources */,
				ECEA399E25863792004C639A /* Assets.xcassets in Resources */,
				ECEA399C2586378B004C639A /* Main.storyboard in Resources */,
			);
			runOnlyForDeploymentPostprocessing = 0;
		};
/* End PBXResourcesBuildPhase section */

/* Begin PBXShellScriptBuildPhase section */
		A142F0049F65CDBB57747E06 /* [CP] Embed Pods Frameworks */ = {
			isa = PBXShellScriptBuildPhase;
			buildActionMask = 2147483647;
			files = (
			);
			inputFileListPaths = (
				"${PODS_ROOT}/Target Support Files/Pods-CollectionApp/Pods-CollectionApp-frameworks-${CONFIGURATION}-input-files.xcfilelist",
			);
			name = "[CP] Embed Pods Frameworks";
			outputFileListPaths = (
				"${PODS_ROOT}/Target Support Files/Pods-CollectionApp/Pods-CollectionApp-frameworks-${CONFIGURATION}-output-files.xcfilelist",
			);
			runOnlyForDeploymentPostprocessing = 0;
			shellPath = /bin/sh;
			shellScript = "\"${PODS_ROOT}/Target Support Files/Pods-CollectionApp/Pods-CollectionApp-frameworks.sh\"\n";
			showEnvVarsInLog = 0;
		};
		BB2799F3523ABCAC1515C857 /* [CP] Check Pods Manifest.lock */ = {
			isa = PBXShellScriptBuildPhase;
			buildActionMask = 2147483647;
			files = (
			);
			inputFileListPaths = (
			);
			inputPaths = (
				"${PODS_PODFILE_DIR_PATH}/Podfile.lock",
				"${PODS_ROOT}/Manifest.lock",
			);
			name = "[CP] Check Pods Manifest.lock";
			outputFileListPaths = (
			);
			outputPaths = (
				"$(DERIVED_FILE_DIR)/Pods-CollectionApp-checkManifestLockResult.txt",
			);
			runOnlyForDeploymentPostprocessing = 0;
			shellPath = /bin/sh;
			shellScript = "diff \"${PODS_PODFILE_DIR_PATH}/Podfile.lock\" \"${PODS_ROOT}/Manifest.lock\" > /dev/null\nif [ $? != 0 ] ; then\n    # print error to STDERR\n    echo \"error: The sandbox is not in sync with the Podfile.lock. Run 'pod install' or update your CocoaPods installation.\" >&2\n    exit 1\nfi\n# This output is used by Xcode 'outputs' to avoid re-running this script phase.\necho \"SUCCESS\" > \"${SCRIPT_OUTPUT_FILE_0}\"\n";
			showEnvVarsInLog = 0;
		};
/* End PBXShellScriptBuildPhase section */

/* Begin PBXSourcesBuildPhase section */
		ECEA398D2586378B004C639A /* Sources */ = {
			isa = PBXSourcesBuildPhase;
			buildActionMask = 2147483647;
			files = (
				333ADB2125926DF4000A5395 /* Memo.swift in Sources */,
				ECEA39AC25863E90004C639A /* CollectionViewController.swift in Sources */,
				ECEA39952586378B004C639A /* AppDelegate.swift in Sources */,
				ECEA39AE258651E7004C639A /* CollectionViewCell.swift in Sources */,
				333ADB0425924CCA000A5395 /* MemoCreateViewController.swift in Sources */,
				333ADB082592502B000A5395 /* CustomUITextField.swift in Sources */,
				ECEA39972586378B004C639A /* SceneDelegate.swift in Sources */,
			);
			runOnlyForDeploymentPostprocessing = 0;
		};
/* End PBXSourcesBuildPhase section */

/* Begin PBXVariantGroup section */
		ECEA399A2586378B004C639A /* Main.storyboard */ = {
			isa = PBXVariantGroup;
			children = (
				ECEA399B2586378B004C639A /* Base */,
			);
			name = Main.storyboard;
			sourceTree = "<group>";
		};
		ECEA399F25863792004C639A /* LaunchScreen.storyboard */ = {
			isa = PBXVariantGroup;
			children = (
				ECEA39A025863792004C639A /* Base */,
			);
			name = LaunchScreen.storyboard;
			sourceTree = "<group>";
		};
/* End PBXVariantGroup section */

/* Begin XCBuildConfiguration section */
		ECEA39A325863792004C639A /* Debug */ = {
			isa = XCBuildConfiguration;
			buildSettings = {
				ALWAYS_SEARCH_USER_PATHS = NO;
				CLANG_ANALYZER_NONNULL = YES;
				CLANG_ANALYZER_NUMBER_OBJECT_CONVERSION = YES_AGGRESSIVE;
				CLANG_CXX_LANGUAGE_STANDARD = "gnu++14";
				CLANG_CXX_LIBRARY = "libc++";
				CLANG_ENABLE_MODULES = YES;
				CLANG_ENABLE_OBJC_ARC = YES;
				CLANG_ENABLE_OBJC_WEAK = YES;
				CLANG_WARN_BLOCK_CAPTURE_AUTORELEASING = YES;
				CLANG_WARN_BOOL_CONVERSION = YES;
				CLANG_WARN_COMMA = YES;
				CLANG_WARN_CONSTANT_CONVERSION = YES;
				CLANG_WARN_DEPRECATED_OBJC_IMPLEMENTATIONS = YES;
				CLANG_WARN_DIRECT_OBJC_ISA_USAGE = YES_ERROR;
				CLANG_WARN_DOCUMENTATION_COMMENTS = YES;
				CLANG_WARN_EMPTY_BODY = YES;
				CLANG_WARN_ENUM_CONVERSION = YES;
				CLANG_WARN_INFINITE_RECURSION = YES;
				CLANG_WARN_INT_CONVERSION = YES;
				CLANG_WARN_NON_LITERAL_NULL_CONVERSION = YES;
				CLANG_WARN_OBJC_IMPLICIT_RETAIN_SELF = YES;
				CLANG_WARN_OBJC_LITERAL_CONVERSION = YES;
				CLANG_WARN_OBJC_ROOT_CLASS = YES_ERROR;
				CLANG_WARN_RANGE_LOOP_ANALYSIS = YES;
				CLANG_WARN_STRICT_PROTOTYPES = YES;
				CLANG_WARN_SUSPICIOUS_MOVE = YES;
				CLANG_WARN_UNGUARDED_AVAILABILITY = YES_AGGRESSIVE;
				CLANG_WARN_UNREACHABLE_CODE = YES;
				CLANG_WARN__DUPLICATE_METHOD_MATCH = YES;
				COPY_PHASE_STRIP = NO;
				DEBUG_INFORMATION_FORMAT = dwarf;
				ENABLE_STRICT_OBJC_MSGSEND = YES;
				ENABLE_TESTABILITY = YES;
				GCC_C_LANGUAGE_STANDARD = gnu11;
				GCC_DYNAMIC_NO_PIC = NO;
				GCC_NO_COMMON_BLOCKS = YES;
				GCC_OPTIMIZATION_LEVEL = 0;
				GCC_PREPROCESSOR_DEFINITIONS = (
					"DEBUG=1",
					"$(inherited)",
				);
				GCC_WARN_64_TO_32_BIT_CONVERSION = YES;
				GCC_WARN_ABOUT_RETURN_TYPE = YES_ERROR;
				GCC_WARN_UNDECLARED_SELECTOR = YES;
				GCC_WARN_UNINITIALIZED_AUTOS = YES_AGGRESSIVE;
				GCC_WARN_UNUSED_FUNCTION = YES;
				GCC_WARN_UNUSED_VARIABLE = YES;
				IPHONEOS_DEPLOYMENT_TARGET = 13.5;
				MTL_ENABLE_DEBUG_INFO = INCLUDE_SOURCE;
				MTL_FAST_MATH = YES;
				ONLY_ACTIVE_ARCH = YES;
				SDKROOT = iphoneos;
				SWIFT_ACTIVE_COMPILATION_CONDITIONS = DEBUG;
				SWIFT_OPTIMIZATION_LEVEL = "-Onone";
			};
			name = Debug;
		};
		ECEA39A425863792004C639A /* Release */ = {
			isa = XCBuildConfiguration;
			buildSettings = {
				ALWAYS_SEARCH_USER_PATHS = NO;
				CLANG_ANALYZER_NONNULL = YES;
				CLANG_ANALYZER_NUMBER_OBJECT_CONVERSION = YES_AGGRESSIVE;
				CLANG_CXX_LANGUAGE_STANDARD = "gnu++14";
				CLANG_CXX_LIBRARY = "libc++";
				CLANG_ENABLE_MODULES = YES;
				CLANG_ENABLE_OBJC_ARC = YES;
				CLANG_ENABLE_OBJC_WEAK = YES;
				CLANG_WARN_BLOCK_CAPTURE_AUTORELEASING = YES;
				CLANG_WARN_BOOL_CONVERSION = YES;
				CLANG_WARN_COMMA = YES;
				CLANG_WARN_CONSTANT_CONVERSION = YES;
				CLANG_WARN_DEPRECATED_OBJC_IMPLEMENTATIONS = YES;
				CLANG_WARN_DIRECT_OBJC_ISA_USAGE = YES_ERROR;
				CLANG_WARN_DOCUMENTATION_COMMENTS = YES;
				CLANG_WARN_EMPTY_BODY = YES;
				CLANG_WARN_ENUM_CONVERSION = YES;
				CLANG_WARN_INFINITE_RECURSION = YES;
				CLANG_WARN_INT_CONVERSION = YES;
				CLANG_WARN_NON_LITERAL_NULL_CONVERSION = YES;
				CLANG_WARN_OBJC_IMPLICIT_RETAIN_SELF = YES;
				CLANG_WARN_OBJC_LITERAL_CONVERSION = YES;
				CLANG_WARN_OBJC_ROOT_CLASS = YES_ERROR;
				CLANG_WARN_RANGE_LOOP_ANALYSIS = YES;
				CLANG_WARN_STRICT_PROTOTYPES = YES;
				CLANG_WARN_SUSPICIOUS_MOVE = YES;
				CLANG_WARN_UNGUARDED_AVAILABILITY = YES_AGGRESSIVE;
				CLANG_WARN_UNREACHABLE_CODE = YES;
				CLANG_WARN__DUPLICATE_METHOD_MATCH = YES;
				COPY_PHASE_STRIP = NO;
				DEBUG_INFORMATION_FORMAT = "dwarf-with-dsym";
				ENABLE_NS_ASSERTIONS = NO;
				ENABLE_STRICT_OBJC_MSGSEND = YES;
				GCC_C_LANGUAGE_STANDARD = gnu11;
				GCC_NO_COMMON_BLOCKS = YES;
				GCC_WARN_64_TO_32_BIT_CONVERSION = YES;
				GCC_WARN_ABOUT_RETURN_TYPE = YES_ERROR;
				GCC_WARN_UNDECLARED_SELECTOR = YES;
				GCC_WARN_UNINITIALIZED_AUTOS = YES_AGGRESSIVE;
				GCC_WARN_UNUSED_FUNCTION = YES;
				GCC_WARN_UNUSED_VARIABLE = YES;
				IPHONEOS_DEPLOYMENT_TARGET = 13.5;
				MTL_ENABLE_DEBUG_INFO = NO;
				MTL_FAST_MATH = YES;
				SDKROOT = iphoneos;
				SWIFT_COMPILATION_MODE = wholemodule;
				SWIFT_OPTIMIZATION_LEVEL = "-O";
				VALIDATE_PRODUCT = YES;
			};
			name = Release;
		};
		ECEA39A625863792004C639A /* Debug */ = {
			isa = XCBuildConfiguration;
			baseConfigurationReference = 8F5D6E3429EA0CAC6327B673 /* Pods-CollectionApp.debug.xcconfig */;
			buildSettings = {
				ASSETCATALOG_COMPILER_APPICON_NAME = AppIcon;
				CODE_SIGN_STYLE = Automatic;
				INFOPLIST_FILE = CollectionApp/Info.plist;
				LD_RUNPATH_SEARCH_PATHS = (
					"$(inherited)",
					"@executable_path/Frameworks",
				);
				PRODUCT_BUNDLE_IDENTIFIER = com.star.seima.CollectionApp;
				PRODUCT_NAME = "$(TARGET_NAME)";
				SWIFT_VERSION = 5.0;
				TARGETED_DEVICE_FAMILY = "1,2";
			};
			name = Debug;
		};
		ECEA39A725863792004C639A /* Release */ = {
			isa = XCBuildConfiguration;
			baseConfigurationReference = 8EDAF9A0A38BB559D8F9B4A0 /* Pods-CollectionApp.release.xcconfig */;
			buildSettings = {
				ASSETCATALOG_COMPILER_APPICON_NAME = AppIcon;
				CODE_SIGN_STYLE = Automatic;
				INFOPLIST_FILE = CollectionApp/Info.plist;
				LD_RUNPATH_SEARCH_PATHS = (
					"$(inherited)",
					"@executable_path/Frameworks",
				);
				PRODUCT_BUNDLE_IDENTIFIER = com.star.seima.CollectionApp;
				PRODUCT_NAME = "$(TARGET_NAME)";
				SWIFT_VERSION = 5.0;
				TARGETED_DEVICE_FAMILY = "1,2";
			};
			name = Release;
		};
/* End XCBuildConfiguration section */

/* Begin XCConfigurationList section */
		ECEA398C2586378B004C639A /* Build configuration list for PBXProject "CollectionApp" */ = {
			isa = XCConfigurationList;
			buildConfigurations = (
				ECEA39A325863792004C639A /* Debug */,
				ECEA39A425863792004C639A /* Release */,
			);
			defaultConfigurationIsVisible = 0;
			defaultConfigurationName = Release;
		};
		ECEA39A525863792004C639A /* Build configuration list for PBXNativeTarget "CollectionApp" */ = {
			isa = XCConfigurationList;
			buildConfigurations = (
				ECEA39A625863792004C639A /* Debug */,
				ECEA39A725863792004C639A /* Release */,
			);
			defaultConfigurationIsVisible = 0;
			defaultConfigurationName = Release;
		};
/* End XCConfigurationList section */
	};
	rootObject = ECEA39892586378B004C639A /* Project object */;
}
